
Microsoft Visual Studio Solution File, Format Version 12.00
# Visual Studio Version 16
VisualStudioVersion = 16.0.29215.179
MinimumVisualStudioVersion = 10.0.40219.1
Project("{FAE04EC0-301F-11D3-BF4B-00C04F79EFBC}") = "Lands.Android", "Lands\Lands.Android\Lands.Android.csproj", "{C7F0DCAE-13EC-41B5-9C96-BF9423C46492}"
EndProject
Project("{FAE04EC0-301F-11D3-BF4B-00C04F79EFBC}") = "Lands.iOS", "Lands\Lands.iOS\Lands.iOS.csproj", "{CD5530CF-A491-4B51-9CC4-FA505EB7C713}"
EndProject
Project("{FAE04EC0-301F-11D3-BF4B-00C04F79EFBC}") = "Lands", "Lands\Lands\Lands.csproj", "{8E47EF48-034D-498F-AEA9-F09C448A1279}"
EndProject
Global
	GlobalSection(SolutionConfigurationPlatforms) = preSolution
		Debug|Any CPU = Debug|Any CPU
		Debug|iPhone = Debug|iPhone
		Debug|iPhoneSimulator = Debug|iPhoneSimulator
		Release|Any CPU = Release|Any CPU
		Release|iPhone = Release|iPhone
		Release|iPhoneSimulator = Release|iPhoneSimulator
	EndGlobalSection
	GlobalSection(ProjectConfigurationPlatforms) = postSolution
		{C7F0DCAE-13EC-41B5-9C96-BF9423C46492}.Debug|Any CPU.ActiveCfg = Debug|Any CPU
		{C7F0DCAE-13EC-41B5-9C96-BF9423C46492}.Debug|Any CPU.Build.0 = Debug|Any CPU
		{C7F0DCAE-13EC-41B5-9C96-BF9423C46492}.Debug|Any CPU.Deploy.0 = Debug|Any CPU
		{C7F0DCAE-13EC-41B5-9C96-BF9423C46492}.Debug|iPhone.ActiveCfg = Debug|Any CPU
		{C7F0DCAE-13EC-41B5-9C96-BF9423C46492}.Debug|iPhone.Build.0 = Debug|Any CPU
		{C7F0DCAE-13EC-41B5-9C96-BF9423C46492}.Debug|iPhone.Deploy.0 = Debug|Any CPU
		{C7F0DCAE-13EC-41B5-9C96-BF9423C46492}.Debug|iPhoneSimulator.ActiveCfg = Debug|Any CPU
		{C7F0DCAE-13EC-41B5-9C96-BF9423C46492}.Debug|iPhoneSimulator.Build.0 = Debug|Any CPU
		{C7F0DCAE-13EC-41B5-9C96-BF9423C46492}.Debug|iPhoneSimulator.Deploy.0 = Debug|Any CPU
		{C7F0DCAE-13EC-41B5-9C96-BF9423C46492}.Release|Any CPU.ActiveCfg = Release|Any CPU
		{C7F0DCAE-13EC-41B5-9C96-BF9423C46492}.Release|Any CPU.Build.0 = Release|Any CPU
		{C7F0DCAE-13EC-41B5-9C96-BF9423C46492}.Release|Any CPU.Deploy.0 = Release|Any CPU
		{C7F0DCAE-13EC-41B5-9C96-BF9423C46492}.Release|iPhone.ActiveCfg = Release|Any CPU
		{C7F0DCAE-13EC-41B5-9C96-BF9423C46492}.Release|iPhone.Build.0 = Release|Any CPU
		{C7F0DCAE-13EC-41B5-9C96-BF9423C46492}.Release|iPhone.Deploy.0 = Release|Any CPU
		{C7F0DCAE-13EC-41B5-9C96-BF9423C46492}.Release|iPhoneSimulator.ActiveCfg = Release|Any CPU
		{C7F0DCAE-13EC-41B5-9C96-BF9423C46492}.Release|iPhoneSimulator.Build.0 = Release|Any CPU
		{C7F0DCAE-13EC-41B5-9C96-BF9423C46492}.Release|iPhoneSimulator.Deploy.0 = Release|Any CPU
		{CD5530CF-A491-4B51-9CC4-FA505EB7C713}.Debug|Any CPU.ActiveCfg = Debug|iPhoneSimulator
		{CD5530CF-A491-4B51-9CC4-FA505EB7C713}.Debug|Any CPU.Build.0 = Debug|iPhoneSimulator
		{CD5530CF-A491-4B51-9CC4-FA505EB7C713}.Debug|Any CPU.Deploy.0 = Debug|iPhoneSimulator
		{CD5530CF-A491-4B51-9CC4-FA505EB7C713}.Debug|iPhone.ActiveCfg = Debug|iPhone
		{CD5530CF-A491-4B51-9CC4-FA505EB7C713}.Debug|iPhone.Build.0 = Debug|iPhone
		{CD5530CF-A491-4B51-9CC4-FA505EB7C713}.Debug|iPhone.Deploy.0 = Debug|iPhone
		{CD5530CF-A491-4B51-9CC4-FA505EB7C713}.Debug|iPhoneSimulator.ActiveCfg = Debug|iPhoneSimulator
		{CD5530CF-A491-4B51-9CC4-FA505EB7C713}.Debug|iPhoneSimulator.Build.0 = Debug|iPhoneSimulator
		{CD5530CF-A491-4B51-9CC4-FA505EB7C713}.Debug|iPhoneSimulator.Deploy.0 = Debug|iPhoneSimulator
		{CD5530CF-A491-4B51-9CC4-FA505EB7C713}.Release|Any CPU.ActiveCfg = Release|iPhone
		{CD5530CF-A491-4B51-9CC4-FA505EB7C713}.Release|Any CPU.Build.0 = Release|iPhone
		{CD5530CF-A491-4B51-9CC4-FA505EB7C713}.Release|Any CPU.Deploy.0 = Release|iPhone
		{CD5530CF-A491-4B51-9CC4-FA505EB7C713}.Release|iPhone.ActiveCfg = Release|iPhone
		{CD5530CF-A491-4B51-9CC4-FA505EB7C713}.Release|iPhone.Build.0 = Release|iPhone
		{CD5530CF-A491-4B51-9CC4-FA505EB7C713}.Release|iPhone.Deploy.0 = Release|iPhone
		{CD5530CF-A491-4B51-9CC4-FA505EB7C713}.Release|iPhoneSimulator.ActiveCfg = Release|iPhoneSimulator
		{CD5530CF-A491-4B51-9CC4-FA505EB7C713}.Release|iPhoneSimulator.Build.0 = Release|iPhoneSimulator
		{CD5530CF-A491-4B51-9CC4-FA505EB7C713}.Release|iPhoneSimulator.Deploy.0 = Release|iPhoneSimulator
		{8E47EF48-034D-498F-AEA9-F09C448A1279}.Debug|Any CPU.ActiveCfg = Debug|Any CPU
		{8E47EF48-034D-498F-AEA9-F09C448A1279}.Debug|Any CPU.Build.0 = Debug|Any CPU
		{8E47EF48-034D-498F-AEA9-F09C448A1279}.Debug|Any CPU.Deploy.0 = Debug|Any CPU
		{8E47EF48-034D-498F-AEA9-F09C448A1279}.Debug|iPhone.ActiveCfg = Debug|Any CPU
		{8E47EF48-034D-498F-AEA9-F09C448A1279}.Debug|iPhone.Build.0 = Debug|Any CPU
		{8E47EF48-034D-498F-AEA9-F09C448A1279}.Debug|iPhone.Deploy.0 = Debug|Any CPU
		{8E47EF48-034D-498F-AEA9-F09C448A1279}.Debug|iPhoneSimulator.ActiveCfg = Debug|Any CPU
		{8E47EF48-034D-498F-AEA9-F09C448A1279}.Debug|iPhoneSimulator.Build.0 = Debug|Any CPU
		{8E47EF48-034D-498F-AEA9-F09C448A1279}.Debug|iPhoneSimulator.Deploy.0 = Debug|Any CPU
		{8E47EF48-034D-498F-AEA9-F09C448A1279}.Release|Any CPU.ActiveCfg = Release|Any CPU
		{8E47EF48-034D-498F-AEA9-F09C448A1279}.Release|Any CPU.Build.0 = Release|Any CPU
		{8E47EF48-034D-498F-AEA9-F09C448A1279}.Release|Any CPU.Deploy.0 = Release|Any CPU
		{8E47EF48-034D-498F-AEA9-F09C448A1279}.Release|iPhone.ActiveCfg = Release|Any CPU
		{8E47EF48-034D-498F-AEA9-F09C448A1279}.Release|iPhone.Build.0 = Release|Any CPU
		{8E47EF48-034D-498F-AEA9-F09C448A1279}.Release|iPhone.Deploy.0 = Release|Any CPU
		{8E47EF48-034D-498F-AEA9-F09C448A1279}.Release|iPhoneSimulator.ActiveCfg = Release|Any CPU
		{8E47EF48-034D-498F-AEA9-F09C448A1279}.Release|iPhoneSimulator.Build.0 = Release|Any CPU
		{8E47EF48-034D-498F-AEA9-F09C448A1279}.Release|iPhoneSimulator.Deploy.0 = Release|Any CPU
	EndGlobalSection
	GlobalSection(SolutionProperties) = preSolution
		HideSolutionNode = FALSE
	EndGlobalSection
	GlobalSection(ExtensibilityGlobals) = postSolution
		SolutionGuid = {6193DCF9-3B09-4898-9E99-CF5CFA236014}
	EndGlobalSection
EndGlobal
